
Microsoft Visual Studio Solution File, Format Version 12.00
# Visual Studio Version 17
VisualStudioVersion = 17.9.34723.18
MinimumVisualStudioVersion = 10.0.40219.1
Project("{FAE04EC0-301F-11D3-BF4B-00C04F79EFBC}") = "ElizaFlixAPI", "ElizaFlixAPI.csproj", "{921086DD-F2AD-416D-9443-A9D6E646BC74}"
EndProject
Global
	GlobalSection(SolutionConfigurationPlatforms) = preSolution
		Debug|Any CPU = Debug|Any CPU
		Release|Any CPU = Release|Any CPU
	EndGlobalSection
	GlobalSection(ProjectConfigurationPlatforms) = postSolution
		{921086DD-F2AD-416D-9443-A9D6E646BC74}.Debug|Any CPU.ActiveCfg = Debug|Any CPU
		{921086DD-F2AD-416D-9443-A9D6E646BC74}.Debug|Any CPU.Build.0 = Debug|Any CPU
		{921086DD-F2AD-416D-9443-A9D6E646BC74}.Release|Any CPU.ActiveCfg = Release|Any CPU
		{921086DD-F2AD-416D-9443-A9D6E646BC74}.Release|Any CPU.Build.0 = Release|Any CPU
	EndGlobalSection
	GlobalSection(SolutionProperties) = preSolution
		HideSolutionNode = FALSE
	EndGlobalSection
	GlobalSection(ExtensibilityGlobals) = postSolution
		SolutionGuid = {2AF61CBC-D67B-40A1-AD06-8C8666A3A6D9}
	EndGlobalSection
EndGlobal
